
Microsoft Visual Studio Solution File, Format Version 12.00
# Visual Studio Version 17
VisualStudioVersion = 17.0.31903.59
MinimumVisualStudioVersion = 10.0.40219.1
Project("{2150E333-8FDC-42A3-9474-1A3956D46DE8}") = "src", "src", "{827E0CD3-B72D-47B6-A68D-7590B98EB39B}"
EndProject
Project("{FAE04EC0-301F-11D3-BF4B-00C04F79EFBC}") = "EInvoiceBridge.Core", "src\EInvoiceBridge.Core\EInvoiceBridge.Core.csproj", "{D9F5BC67-1B07-4438-B6C1-CE9A96A2126A}"
EndProject
Project("{FAE04EC0-301F-11D3-BF4B-00C04F79EFBC}") = "EInvoiceBridge.Application", "src\EInvoiceBridge.Application\EInvoiceBridge.Application.csproj", "{94852E3F-B252-44C3-A92D-88298F538F71}"
EndProject
Project("{FAE04EC0-301F-11D3-BF4B-00C04F79EFBC}") = "EInvoiceBridge.Validation", "src\EInvoiceBridge.Validation\EInvoiceBridge.Validation.csproj", "{77B4CA34-986A-4CED-A86E-647FAAC301C8}"
EndProject
Project("{FAE04EC0-301F-11D3-BF4B-00C04F79EFBC}") = "EInvoiceBridge.Transformation", "src\EInvoiceBridge.Transformation\EInvoiceBridge.Transformation.csproj", "{D79546F1-DB42-49F2-AE2F-BCC18ACB071F}"
EndProject
Project("{FAE04EC0-301F-11D3-BF4B-00C04F79EFBC}") = "EInvoiceBridge.Delivery", "src\EInvoiceBridge.Delivery\EInvoiceBridge.Delivery.csproj", "{595A5129-9420-408C-939D-821E49197C65}"
EndProject
Project("{FAE04EC0-301F-11D3-BF4B-00C04F79EFBC}") = "EInvoiceBridge.Persistence", "src\EInvoiceBridge.Persistence\EInvoiceBridge.Persistence.csproj", "{8157DF13-8B91-43E4-AFFA-397594963564}"
EndProject
Project("{FAE04EC0-301F-11D3-BF4B-00C04F79EFBC}") = "EInvoiceBridge.Infrastructure", "src\EInvoiceBridge.Infrastructure\EInvoiceBridge.Infrastructure.csproj", "{13E76353-EEE4-4D7E-A2A8-32EA5B8B7870}"
EndProject
Project("{FAE04EC0-301F-11D3-BF4B-00C04F79EFBC}") = "EInvoiceBridge.Api", "src\EInvoiceBridge.Api\EInvoiceBridge.Api.csproj", "{CD71887B-AC7C-4ADE-B138-413CC045E72D}"
EndProject
Project("{FAE04EC0-301F-11D3-BF4B-00C04F79EFBC}") = "EInvoiceBridge.Worker", "src\EInvoiceBridge.Worker\EInvoiceBridge.Worker.csproj", "{BF5820A0-F795-414E-84AF-42F33888BC60}"
EndProject
Project("{FAE04EC0-301F-11D3-BF4B-00C04F79EFBC}") = "EInvoiceBridge.Tests.Unit", "tests\EInvoiceBridge.Tests.Unit\EInvoiceBridge.Tests.Unit.csproj", "{DCC9FAED-454A-48AE-8634-093607F9C5BF}"
EndProject
Project("{FAE04EC0-301F-11D3-BF4B-00C04F79EFBC}") = "EInvoiceBridge.Tests.Integration", "tests\EInvoiceBridge.Tests.Integration\EInvoiceBridge.Tests.Integration.csproj", "{D50F3C24-C2C5-4D98-BAFE-28850F13078C}"
EndProject
Project("{FAE04EC0-301F-11D3-BF4B-00C04F79EFBC}") = "EInvoiceBridge.Tests.Architecture", "tests\EInvoiceBridge.Tests.Architecture\EInvoiceBridge.Tests.Architecture.csproj", "{EB4FAFA4-F853-4791-BF35-09EAD1FE656E}"
EndProject
Global
	GlobalSection(SolutionConfigurationPlatforms) = preSolution
		Debug|Any CPU = Debug|Any CPU
		Debug|x64 = Debug|x64
		Debug|x86 = Debug|x86
		Release|Any CPU = Release|Any CPU
		Release|x64 = Release|x64
		Release|x86 = Release|x86
	EndGlobalSection
	GlobalSection(ProjectConfigurationPlatforms) = postSolution
		{D9F5BC67-1B07-4438-B6C1-CE9A96A2126A}.Debug|Any CPU.ActiveCfg = Debug|Any CPU
		{D9F5BC67-1B07-4438-B6C1-CE9A96A2126A}.Debug|Any CPU.Build.0 = Debug|Any CPU
		{D9F5BC67-1B07-4438-B6C1-CE9A96A2126A}.Debug|x64.ActiveCfg = Debug|Any CPU
		{D9F5BC67-1B07-4438-B6C1-CE9A96A2126A}.Debug|x64.Build.0 = Debug|Any CPU
		{D9F5BC67-1B07-4438-B6C1-CE9A96A2126A}.Debug|x86.ActiveCfg = Debug|Any CPU
		{D9F5BC67-1B07-4438-B6C1-CE9A96A2126A}.Debug|x86.Build.0 = Debug|Any CPU
		{D9F5BC67-1B07-4438-B6C1-CE9A96A2126A}.Release|Any CPU.ActiveCfg = Release|Any CPU
		{D9F5BC67-1B07-4438-B6C1-CE9A96A2126A}.Release|Any CPU.Build.0 = Release|Any CPU
		{D9F5BC67-1B07-4438-B6C1-CE9A96A2126A}.Release|x64.ActiveCfg = Release|Any CPU
		{D9F5BC67-1B07-4438-B6C1-CE9A96A2126A}.Release|x64.Build.0 = Release|Any CPU
		{D9F5BC67-1B07-4438-B6C1-CE9A96A2126A}.Release|x86.ActiveCfg = Release|Any CPU
		{D9F5BC67-1B07-4438-B6C1-CE9A96A2126A}.Release|x86.Build.0 = Release|Any CPU
		{94852E3F-B252-44C3-A92D-88298F538F71}.Debug|Any CPU.ActiveCfg = Debug|Any CPU
		{94852E3F-B252-44C3-A92D-88298F538F71}.Debug|Any CPU.Build.0 = Debug|Any CPU
		{94852E3F-B252-44C3-A92D-88298F538F71}.Debug|x64.ActiveCfg = Debug|Any CPU
		{94852E3F-B252-44C3-A92D-88298F538F71}.Debug|x64.Build.0 = Debug|Any CPU
		{94852E3F-B252-44C3-A92D-88298F538F71}.Debug|x86.ActiveCfg = Debug|Any CPU
		{94852E3F-B252-44C3-A92D-88298F538F71}.Debug|x86.Build.0 = Debug|Any CPU
		{94852E3F-B252-44C3-A92D-88298F538F71}.Release|Any CPU.ActiveCfg = Release|Any CPU
		{94852E3F-B252-44C3-A92D-88298F538F71}.Release|Any CPU.Build.0 = Release|Any CPU
		{94852E3F-B252-44C3-A92D-88298F538F71}.Release|x64.ActiveCfg = Release|Any CPU
		{94852E3F-B252-44C3-A92D-88298F538F71}.Release|x64.Build.0 = Release|Any CPU
		{94852E3F-B252-44C3-A92D-88298F538F71}.Release|x86.ActiveCfg = Release|Any CPU
		{94852E3F-B252-44C3-A92D-88298F538F71}.Release|x86.Build.0 = Release|Any CPU
		{77B4CA34-986A-4CED-A86E-647FAAC301C8}.Debug|Any CPU.ActiveCfg = Debug|Any CPU
		{77B4CA34-986A-4CED-A86E-647FAAC301C8}.Debug|Any CPU.Build.0 = Debug|Any CPU
		{77B4CA34-986A-4CED-A86E-647FAAC301C8}.Debug|x64.ActiveCfg = Debug|Any CPU
		{77B4CA34-986A-4CED-A86E-647FAAC301C8}.Debug|x64.Build.0 = Debug|Any CPU
		{77B4CA34-986A-4CED-A86E-647FAAC301C8}.Debug|x86.ActiveCfg = Debug|Any CPU
		{77B4CA34-986A-4CED-A86E-647FAAC301C8}.Debug|x86.Build.0 = Debug|Any CPU
		{77B4CA34-986A-4CED-A86E-647FAAC301C8}.Release|Any CPU.ActiveCfg = Release|Any CPU
		{77B4CA34-986A-4CED-A86E-647FAAC301C8}.Release|Any CPU.Build.0 = Release|Any CPU
		{77B4CA34-986A-4CED-A86E-647FAAC301C8}.Release|x64.ActiveCfg = Release|Any CPU
		{77B4CA34-986A-4CED-A86E-647FAAC301C8}.Release|x64.Build.0 = Release|Any CPU
		{77B4CA34-986A-4CED-A86E-647FAAC301C8}.Release|x86.ActiveCfg = Release|Any CPU
		{77B4CA34-986A-4CED-A86E-647FAAC301C8}.Release|x86.Build.0 = Release|Any CPU
		{D79546F1-DB42-49F2-AE2F-BCC18ACB071F}.Debug|Any CPU.ActiveCfg = Debug|Any CPU
		{D79546F1-DB42-49F2-AE2F-BCC18ACB071F}.Debug|Any CPU.Build.0 = Debug|Any CPU
		{D79546F1-DB42-49F2-AE2F-BCC18ACB071F}.Debug|x64.ActiveCfg = Debug|Any CPU
		{D79546F1-DB42-49F2-AE2F-BCC18ACB071F}.Debug|x64.Build.0 = Debug|Any CPU
		{D79546F1-DB42-49F2-AE2F-BCC18ACB071F}.Debug|x86.ActiveCfg = Debug|Any CPU
		{D79546F1-DB42-49F2-AE2F-BCC18ACB071F}.Debug|x86.Build.0 = Debug|Any CPU
		{D79546F1-DB42-49F2-AE2F-BCC18ACB071F}.Release|Any CPU.ActiveCfg = Release|Any CPU
		{D79546F1-DB42-49F2-AE2F-BCC18ACB071F}.Release|Any CPU.Build.0 = Release|Any CPU
		{D79546F1-DB42-49F2-AE2F-BCC18ACB071F}.Release|x64.ActiveCfg = Release|Any CPU
		{D79546F1-DB42-49F2-AE2F-BCC18ACB071F}.Release|x64.Build.0 = Release|Any CPU
		{D79546F1-DB42-49F2-AE2F-BCC18ACB071F}.Release|x86.ActiveCfg = Release|Any CPU
		{D79546F1-DB42-49F2-AE2F-BCC18ACB071F}.Release|x86.Build.0 = Release|Any CPU
		{595A5129-9420-408C-939D-821E49197C65}.Debug|Any CPU.ActiveCfg = Debug|Any CPU
		{595A5129-9420-408C-939D-821E49197C65}.Debug|Any CPU.Build.0 = Debug|Any CPU
		{595A5129-9420-408C-939D-821E49197C65}.Debug|x64.ActiveCfg = Debug|Any CPU
		{595A5129-9420-408C-939D-821E49197C65}.Debug|x64.Build.0 = Debug|Any CPU
		{595A5129-9420-408C-939D-821E49197C65}.Debug|x86.ActiveCfg = Debug|Any CPU
		{595A5129-9420-408C-939D-821E49197C65}.Debug|x86.Build.0 = Debug|Any CPU
		{595A5129-9420-408C-939D-821E49197C65}.Release|Any CPU.ActiveCfg = Release|Any CPU
		{595A5129-9420-408C-939D-821E49197C65}.Release|Any CPU.Build.0 = Release|Any CPU
		{595A5129-9420-408C-939D-821E49197C65}.Release|x64.ActiveCfg = Release|Any CPU
		{595A5129-9420-408C-939D-821E49197C65}.Release|x64.Build.0 = Release|Any CPU
		{595A5129-9420-408C-939D-821E49197C65}.Release|x86.ActiveCfg = Release|Any CPU
		{595A5129-9420-408C-939D-821E49197C65}.Release|x86.Build.0 = Release|Any CPU
		{8157DF13-8B91-43E4-AFFA-397594963564}.Debug|Any CPU.ActiveCfg = Debug|Any CPU
		{8157DF13-8B91-43E4-AFFA-397594963564}.Debug|Any CPU.Build.0 = Debug|Any CPU
		{8157DF13-8B91-43E4-AFFA-397594963564}.Debug|x64.ActiveCfg = Debug|Any CPU
		{8157DF13-8B91-43E4-AFFA-397594963564}.Debug|x64.Build.0 = Debug|Any CPU
		{8157DF13-8B91-43E4-AFFA-397594963564}.Debug|x86.ActiveCfg = Debug|Any CPU
		{8157DF13-8B91-43E4-AFFA-397594963564}.Debug|x86.Build.0 = Debug|Any CPU
		{8157DF13-8B91-43E4-AFFA-397594963564}.Release|Any CPU.ActiveCfg = Release|Any CPU
		{8157DF13-8B91-43E4-AFFA-397594963564}.Release|Any CPU.Build.0 = Release|Any CPU
		{8157DF13-8B91-43E4-AFFA-397594963564}.Release|x64.ActiveCfg = Release|Any CPU
		{8157DF13-8B91-43E4-AFFA-397594963564}.Release|x64.Build.0 = Release|Any CPU
		{8157DF13-8B91-43E4-AFFA-397594963564}.Release|x86.ActiveCfg = Release|Any CPU
		{8157DF13-8B91-43E4-AFFA-397594963564}.Release|x86.Build.0 = Release|Any CPU
		{13E76353-EEE4-4D7E-A2A8-32EA5B8B7870}.Debug|Any CPU.ActiveCfg = Debug|Any CPU
		{13E76353-EEE4-4D7E-A2A8-32EA5B8B7870}.Debug|Any CPU.Build.0 = Debug|Any CPU
		{13E76353-EEE4-4D7E-A2A8-32EA5B8B7870}.Debug|x64.ActiveCfg = Debug|Any CPU
		{13E76353-EEE4-4D7E-A2A8-32EA5B8B7870}.Debug|x64.Build.0 = Debug|Any CPU
		{13E76353-EEE4-4D7E-A2A8-32EA5B8B7870}.Debug|x86.ActiveCfg = Debug|Any CPU
		{13E76353-EEE4-4D7E-A2A8-32EA5B8B7870}.Debug|x86.Build.0 = Debug|Any CPU
		{13E76353-EEE4-4D7E-A2A8-32EA5B8B7870}.Release|Any CPU.ActiveCfg = Release|Any CPU
		{13E76353-EEE4-4D7E-A2A8-32EA5B8B7870}.Release|Any CPU.Build.0 = Release|Any CPU
		{13E76353-EEE4-4D7E-A2A8-32EA5B8B7870}.Release|x64.ActiveCfg = Release|Any CPU
		{13E76353-EEE4-4D7E-A2A8-32EA5B8B7870}.Release|x64.Build.0 = Release|Any CPU
		{13E76353-EEE4-4D7E-A2A8-32EA5B8B7870}.Release|x86.ActiveCfg = Release|Any CPU
		{13E76353-EEE4-4D7E-A2A8-32EA5B8B7870}.Release|x86.Build.0 = Release|Any CPU
		{CD71887B-AC7C-4ADE-B138-413CC045E72D}.Debug|Any CPU.ActiveCfg = Debug|Any CPU
		{CD71887B-AC7C-4ADE-B138-413CC045E72D}.Debug|Any CPU.Build.0 = Debug|Any CPU
		{CD71887B-AC7C-4ADE-B138-413CC045E72D}.Debug|x64.ActiveCfg = Debug|Any CPU
		{CD71887B-AC7C-4ADE-B138-413CC045E72D}.Debug|x64.Build.0 = Debug|Any CPU
		{CD71887B-AC7C-4ADE-B138-413CC045E72D}.Debug|x86.ActiveCfg = Debug|Any CPU
		{CD71887B-AC7C-4ADE-B138-413CC045E72D}.Debug|x86.Build.0 = Debug|Any CPU
		{CD71887B-AC7C-4ADE-B138-413CC045E72D}.Release|Any CPU.ActiveCfg = Release|Any CPU
		{CD71887B-AC7C-4ADE-B138-413CC045E72D}.Release|Any CPU.Build.0 = Release|Any CPU
		{CD71887B-AC7C-4ADE-B138-413CC045E72D}.Release|x64.ActiveCfg = Release|Any CPU
		{CD71887B-AC7C-4ADE-B138-413CC045E72D}.Release|x64.Build.0 = Release|Any CPU
		{CD71887B-AC7C-4ADE-B138-413CC045E72D}.Release|x86.ActiveCfg = Release|Any CPU
		{CD71887B-AC7C-4ADE-B138-413CC045E72D}.Release|x86.Build.0 = Release|Any CPU
		{BF5820A0-F795-414E-84AF-42F33888BC60}.Debug|Any CPU.ActiveCfg = Debug|Any CPU
		{BF5820A0-F795-414E-84AF-42F33888BC60}.Debug|Any CPU.Build.0 = Debug|Any CPU
		{BF5820A0-F795-414E-84AF-42F33888BC60}.Debug|x64.ActiveCfg = Debug|Any CPU
		{BF5820A0-F795-414E-84AF-42F33888BC60}.Debug|x64.Build.0 = Debug|Any CPU
		{BF5820A0-F795-414E-84AF-42F33888BC60}.Debug|x86.ActiveCfg = Debug|Any CPU
		{BF5820A0-F795-414E-84AF-42F33888BC60}.Debug|x86.Build.0 = Debug|Any CPU
		{BF5820A0-F795-414E-84AF-42F33888BC60}.Release|Any CPU.ActiveCfg = Release|Any CPU
		{BF5820A0-F795-414E-84AF-42F33888BC60}.Release|Any CPU.Build.0 = Release|Any CPU
		{BF5820A0-F795-414E-84AF-42F33888BC60}.Release|x64.ActiveCfg = Release|Any CPU
		{BF5820A0-F795-414E-84AF-42F33888BC60}.Release|x64.Build.0 = Release|Any CPU
		{BF5820A0-F795-414E-84AF-42F33888BC60}.Release|x86.ActiveCfg = Release|Any CPU
		{BF5820A0-F795-414E-84AF-42F33888BC60}.Release|x86.Build.0 = Release|Any CPU
		{DCC9FAED-454A-48AE-8634-093607F9C5BF}.Debug|Any CPU.ActiveCfg = Debug|Any CPU
		{DCC9FAED-454A-48AE-8634-093607F9C5BF}.Debug|Any CPU.Build.0 = Debug|Any CPU
		{DCC9FAED-454A-48AE-8634-093607F9C5BF}.Debug|x64.ActiveCfg = Debug|Any CPU
		{DCC9FAED-454A-48AE-8634-093607F9C5BF}.Debug|x64.Build.0 = Debug|Any CPU
		{DCC9FAED-454A-48AE-8634-093607F9C5BF}.Debug|x86.ActiveCfg = Debug|Any CPU
		{DCC9FAED-454A-48AE-8634-093607F9C5BF}.Debug|x86.Build.0 = Debug|Any CPU
		{DCC9FAED-454A-48AE-8634-093607F9C5BF}.Release|Any CPU.ActiveCfg = Release|Any CPU
		{DCC9FAED-454A-48AE-8634-093607F9C5BF}.Release|Any CPU.Build.0 = Release|Any CPU
		{DCC9FAED-454A-48AE-8634-093607F9C5BF}.Release|x64.ActiveCfg = Release|Any CPU
		{DCC9FAED-454A-48AE-8634-093607F9C5BF}.Release|x64.Build.0 = Release|Any CPU
		{DCC9FAED-454A-48AE-8634-093607F9C5BF}.Release|x86.ActiveCfg = Release|Any CPU
		{DCC9FAED-454A-48AE-8634-093607F9C5BF}.Release|x86.Build.0 = Release|Any CPU
		{D50F3C24-C2C5-4D98-BAFE-28850F13078C}.Debug|Any CPU.ActiveCfg = Debug|Any CPU
		{D50F3C24-C2C5-4D98-BAFE-28850F13078C}.Debug|Any CPU.Build.0 = Debug|Any CPU
		{D50F3C24-C2C5-4D98-BAFE-28850F13078C}.Debug|x64.ActiveCfg = Debug|Any CPU
		{D50F3C24-C2C5-4D98-BAFE-28850F13078C}.Debug|x64.Build.0 = Debug|Any CPU
		{D50F3C24-C2C5-4D98-BAFE-28850F13078C}.Debug|x86.ActiveCfg = Debug|Any CPU
		{D50F3C24-C2C5-4D98-BAFE-28850F13078C}.Debug|x86.Build.0 = Debug|Any CPU
		{D50F3C24-C2C5-4D98-BAFE-28850F13078C}.Release|Any CPU.ActiveCfg = Release|Any CPU
		{D50F3C24-C2C5-4D98-BAFE-28850F13078C}.Release|Any CPU.Build.0 = Release|Any CPU
		{D50F3C24-C2C5-4D98-BAFE-28850F13078C}.Release|x64.ActiveCfg = Release|Any CPU
		{D50F3C24-C2C5-4D98-BAFE-28850F13078C}.Release|x64.Build.0 = Release|Any CPU
		{D50F3C24-C2C5-4D98-BAFE-28850F13078C}.Release|x86.ActiveCfg = Release|Any CPU
		{D50F3C24-C2C5-4D98-BAFE-28850F13078C}.Release|x86.Build.0 = Release|Any CPU
		{EB4FAFA4-F853-4791-BF35-09EAD1FE656E}.Debug|Any CPU.ActiveCfg = Debug|Any CPU
		{EB4FAFA4-F853-4791-BF35-09EAD1FE656E}.Debug|Any CPU.Build.0 = Debug|Any CPU
		{EB4FAFA4-F853-4791-BF35-09EAD1FE656E}.Debug|x64.ActiveCfg = Debug|Any CPU
		{EB4FAFA4-F853-4791-BF35-09EAD1FE656E}.Debug|x64.Build.0 = Debug|Any CPU
		{EB4FAFA4-F853-4791-BF35-09EAD1FE656E}.Debug|x86.ActiveCfg = Debug|Any CPU
		{EB4FAFA4-F853-4791-BF35-09EAD1FE656E}.Debug|x86.Build.0 = Debug|Any CPU
		{EB4FAFA4-F853-4791-BF35-09EAD1FE656E}.Release|Any CPU.ActiveCfg = Release|Any CPU
		{EB4FAFA4-F853-4791-BF35-09EAD1FE656E}.Release|Any CPU.Build.0 = Release|Any CPU
		{EB4FAFA4-F853-4791-BF35-09EAD1FE656E}.Release|x64.ActiveCfg = Release|Any CPU
		{EB4FAFA4-F853-4791-BF35-09EAD1FE656E}.Release|x64.Build.0 = Release|Any CPU
		{EB4FAFA4-F853-4791-BF35-09EAD1FE656E}.Release|x86.ActiveCfg = Release|Any CPU
		{EB4FAFA4-F853-4791-BF35-09EAD1FE656E}.Release|x86.Build.0 = Release|Any CPU
	EndGlobalSection
	GlobalSection(SolutionProperties) = preSolution
		HideSolutionNode = FALSE
	EndGlobalSection
	GlobalSection(NestedProjects) = preSolution
		{D9F5BC67-1B07-4438-B6C1-CE9A96A2126A} = {827E0CD3-B72D-47B6-A68D-7590B98EB39B}
		{94852E3F-B252-44C3-A92D-88298F538F71} = {827E0CD3-B72D-47B6-A68D-7590B98EB39B}
		{77B4CA34-986A-4CED-A86E-647FAAC301C8} = {827E0CD3-B72D-47B6-A68D-7590B98EB39B}
		{D79546F1-DB42-49F2-AE2F-BCC18ACB071F} = {827E0CD3-B72D-47B6-A68D-7590B98EB39B}
		{595A5129-9420-408C-939D-821E49197C65} = {827E0CD3-B72D-47B6-A68D-7590B98EB39B}
		{8157DF13-8B91-43E4-AFFA-397594963564} = {827E0CD3-B72D-47B6-A68D-7590B98EB39B}
		{13E76353-EEE4-4D7E-A2A8-32EA5B8B7870} = {827E0CD3-B72D-47B6-A68D-7590B98EB39B}
		{CD71887B-AC7C-4ADE-B138-413CC045E72D} = {827E0CD3-B72D-47B6-A68D-7590B98EB39B}
		{BF5820A0-F795-414E-84AF-42F33888BC60} = {827E0CD3-B72D-47B6-A68D-7590B98EB39B}
		{DCC9FAED-454A-48AE-8634-093607F9C5BF} = {827E0CD3-B72D-47B6-A68D-7590B98EB39B}
		{D50F3C24-C2C5-4D98-BAFE-28850F13078C} = {827E0CD3-B72D-47B6-A68D-7590B98EB39B}
		{EB4FAFA4-F853-4791-BF35-09EAD1FE656E} = {827E0CD3-B72D-47B6-A68D-7590B98EB39B}
	EndGlobalSection
EndGlobal
